
Microsoft Visual Studio Solution File, Format Version 12.00
# Visual Studio Version 17
VisualStudioVersion = 17.0.31903.59
MinimumVisualStudioVersion = 10.0.40219.1
Project("{2150E333-8FDC-42A3-9474-1A3956D46DE8}") = "AccessService", "AccessService", "{FFD742A5-4999-066A-D07A-91215FB30D1F}"
EndProject
Project("{FAE04EC0-301F-11D3-BF4B-00C04F79EFBC}") = "AccessService.Api", "AccessService\AccessService.Api\AccessService.Api.csproj", "{2A2520E5-5D17-4502-949C-4AE4AA428C63}"
EndProject
Project("{FAE04EC0-301F-11D3-BF4B-00C04F79EFBC}") = "AccessService.Infrastructure", "AccessService\AccessService.Infrastructure\AccessService.Infrastructure.csproj", "{945018D8-39AC-474A-B957-7D6B5B964CAA}"
EndProject
Project("{FAE04EC0-301F-11D3-BF4B-00C04F79EFBC}") = "AccessService.Domain", "AccessService\AccessService.Domain\AccessService.Domain.csproj", "{EF0D9EA0-DCDD-4F6B-AE88-AE21C79F6FBB}"
EndProject
Project("{2150E333-8FDC-42A3-9474-1A3956D46DE8}") = "CinemaDataService", "CinemaDataService", "{DA94BA3C-E1D6-47BF-10DF-7A257084C526}"
EndProject
Project("{FAE04EC0-301F-11D3-BF4B-00C04F79EFBC}") = "CinemaDataService.Domain", "CinemaDataService\CinemaDataService.Domain\CinemaDataService.Domain.csproj", "{984B95AA-A443-4142-AA7E-20F94B6CCE33}"
EndProject
Project("{FAE04EC0-301F-11D3-BF4B-00C04F79EFBC}") = "CinemaDataService.Infrastructure", "CinemaDataService\CinemaDataService.Infrastructure\CinemaDataService.Infrastructure.csproj", "{26D36C38-FD89-4AB3-A21B-800EC4D77680}"
EndProject
Project("{FAE04EC0-301F-11D3-BF4B-00C04F79EFBC}") = "CinemaDataService.Api", "CinemaDataService\CinemaDataService.Api\CinemaDataService.Api.csproj", "{FC6639A4-5A77-4E8B-A14A-1CA8AF3EC44F}"
EndProject
Project("{2150E333-8FDC-42A3-9474-1A3956D46DE8}") = "UserDataService", "UserDataService", "{7A3FED7B-79ED-AD53-07B1-F891D77563FE}"
EndProject
Project("{FAE04EC0-301F-11D3-BF4B-00C04F79EFBC}") = "UserDataService.Api", "UserDataService\UserDataService.Api\UserDataService.Api.csproj", "{F34041E2-EEBC-4227-BB5D-6358E0B1CD47}"
EndProject
Project("{2150E333-8FDC-42A3-9474-1A3956D46DE8}") = "EncyclopediaService", "EncyclopediaService", "{AE4AA729-BE74-3EA4-729D-A0DEE1493EF2}"
EndProject
Project("{FAE04EC0-301F-11D3-BF4B-00C04F79EFBC}") = "EncyclopediaService.Infrastructure", "EncyclopediaService\EncyclopediaService.Infrastructure\EncyclopediaService.Infrastructure.csproj", "{B5600585-AC57-4BD2-AB23-E0F2747FA4CF}"
EndProject
Project("{FAE04EC0-301F-11D3-BF4B-00C04F79EFBC}") = "EncyclopediaService.Domain", "EncyclopediaService\EncyclopediaService.Domain\EncyclopediaService.Domain.csproj", "{418CEBEA-519D-49C7-9F17-D321AE417656}"
EndProject
Project("{FAE04EC0-301F-11D3-BF4B-00C04F79EFBC}") = "EncyclopediaService.Api", "EncyclopediaService\EncyclopediaService.Api\EncyclopediaService.Api.csproj", "{54235EFB-C133-4FE1-A2EA-E058CC258C5C}"
EndProject
Project("{2150E333-8FDC-42A3-9474-1A3956D46DE8}") = "ImageService", "ImageService", "{A60022A0-9031-001D-73E3-4B911D34271D}"
EndProject
Project("{FAE04EC0-301F-11D3-BF4B-00C04F79EFBC}") = "ImageService.Infrastructure", "ImageService\ImageService.Infrastructure\ImageService.Infrastructure.csproj", "{55588B88-3BD5-412F-93AE-DDDD324BB92F}"
EndProject
Project("{FAE04EC0-301F-11D3-BF4B-00C04F79EFBC}") = "ImageService.Domain", "ImageService\ImageService.Domain\ImageService.Domain.csproj", "{F260391D-9C58-46CF-9C5E-8514E9216AFA}"
EndProject
Project("{FAE04EC0-301F-11D3-BF4B-00C04F79EFBC}") = "ImageService.Api", "ImageService\ImageService.Api\ImageService.Api.csproj", "{E4050097-E9B5-4D2D-8DE3-95CEE8F0CB1F}"
EndProject
Project("{2150E333-8FDC-42A3-9474-1A3956D46DE8}") = "ProfileService", "ProfileService", "{121FCCD5-A622-28EF-E3AD-6628D85804FE}"
EndProject
Project("{FAE04EC0-301F-11D3-BF4B-00C04F79EFBC}") = "ProfileService.Api", "ProfileService\ProfileService.Api\ProfileService.Api.csproj", "{2EC1A0BB-B0B2-473A-A79B-9416D205F0F5}"
EndProject
Project("{FAE04EC0-301F-11D3-BF4B-00C04F79EFBC}") = "ProfileService.Infrastructure", "ProfileService\ProfileService.Infrastructure\ProfileService.Infrastructure.csproj", "{E56A2859-AF86-4D81-8041-7ACF9FA2DD81}"
EndProject
Project("{FAE04EC0-301F-11D3-BF4B-00C04F79EFBC}") = "ProfileService.Domain", "ProfileService\ProfileService.Domain\ProfileService.Domain.csproj", "{0232EEDA-06D3-4AD6-BC00-524B24E0B798}"
EndProject
Project("{FAE04EC0-301F-11D3-BF4B-00C04F79EFBC}") = "UserDataService.Infrastructure", "UserDataService\UserDataService.Infrastructure\UserDataService.Infrastructure.csproj", "{CAB1FEC7-BE75-43E9-901E-B30FF7669443}"
EndProject
Project("{FAE04EC0-301F-11D3-BF4B-00C04F79EFBC}") = "UserDataService.Domain", "UserDataService\UserDataService.Domain\UserDataService.Domain.csproj", "{A99C8C4B-A281-42CE-9A20-53D23297F49C}"
EndProject
Project("{2150E333-8FDC-42A3-9474-1A3956D46DE8}") = "Shared", "Shared", "{4F52FD11-658E-A102-6CD3-7D7C16FFA15B}"
EndProject
Project("{FAE04EC0-301F-11D3-BF4B-00C04F79EFBC}") = "Shared.ImageService.Models", "Shared\Shared.ImageService.Models\Shared.ImageService.Models.csproj", "{DFC1DDD1-C8F6-4189-B542-BC844FF2F4B5}"
EndProject
Global
	GlobalSection(SolutionConfigurationPlatforms) = preSolution
		Debug|Any CPU = Debug|Any CPU
		Debug|x64 = Debug|x64
		Debug|x86 = Debug|x86
		Release|Any CPU = Release|Any CPU
		Release|x64 = Release|x64
		Release|x86 = Release|x86
	EndGlobalSection
	GlobalSection(ProjectConfigurationPlatforms) = postSolution
		{2A2520E5-5D17-4502-949C-4AE4AA428C63}.Debug|Any CPU.ActiveCfg = Debug|Any CPU
		{2A2520E5-5D17-4502-949C-4AE4AA428C63}.Debug|Any CPU.Build.0 = Debug|Any CPU
		{2A2520E5-5D17-4502-949C-4AE4AA428C63}.Debug|x64.ActiveCfg = Debug|Any CPU
		{2A2520E5-5D17-4502-949C-4AE4AA428C63}.Debug|x64.Build.0 = Debug|Any CPU
		{2A2520E5-5D17-4502-949C-4AE4AA428C63}.Debug|x86.ActiveCfg = Debug|Any CPU
		{2A2520E5-5D17-4502-949C-4AE4AA428C63}.Debug|x86.Build.0 = Debug|Any CPU
		{2A2520E5-5D17-4502-949C-4AE4AA428C63}.Release|Any CPU.ActiveCfg = Release|Any CPU
		{2A2520E5-5D17-4502-949C-4AE4AA428C63}.Release|Any CPU.Build.0 = Release|Any CPU
		{2A2520E5-5D17-4502-949C-4AE4AA428C63}.Release|x64.ActiveCfg = Release|Any CPU
		{2A2520E5-5D17-4502-949C-4AE4AA428C63}.Release|x64.Build.0 = Release|Any CPU
		{2A2520E5-5D17-4502-949C-4AE4AA428C63}.Release|x86.ActiveCfg = Release|Any CPU
		{2A2520E5-5D17-4502-949C-4AE4AA428C63}.Release|x86.Build.0 = Release|Any CPU
		{945018D8-39AC-474A-B957-7D6B5B964CAA}.Debug|Any CPU.ActiveCfg = Debug|Any CPU
		{945018D8-39AC-474A-B957-7D6B5B964CAA}.Debug|Any CPU.Build.0 = Debug|Any CPU
		{945018D8-39AC-474A-B957-7D6B5B964CAA}.Debug|x64.ActiveCfg = Debug|Any CPU
		{945018D8-39AC-474A-B957-7D6B5B964CAA}.Debug|x64.Build.0 = Debug|Any CPU
		{945018D8-39AC-474A-B957-7D6B5B964CAA}.Debug|x86.ActiveCfg = Debug|Any CPU
		{945018D8-39AC-474A-B957-7D6B5B964CAA}.Debug|x86.Build.0 = Debug|Any CPU
		{945018D8-39AC-474A-B957-7D6B5B964CAA}.Release|Any CPU.ActiveCfg = Release|Any CPU
		{945018D8-39AC-474A-B957-7D6B5B964CAA}.Release|Any CPU.Build.0 = Release|Any CPU
		{945018D8-39AC-474A-B957-7D6B5B964CAA}.Release|x64.ActiveCfg = Release|Any CPU
		{945018D8-39AC-474A-B957-7D6B5B964CAA}.Release|x64.Build.0 = Release|Any CPU
		{945018D8-39AC-474A-B957-7D6B5B964CAA}.Release|x86.ActiveCfg = Release|Any CPU
		{945018D8-39AC-474A-B957-7D6B5B964CAA}.Release|x86.Build.0 = Release|Any CPU
		{EF0D9EA0-DCDD-4F6B-AE88-AE21C79F6FBB}.Debug|Any CPU.ActiveCfg = Debug|Any CPU
		{EF0D9EA0-DCDD-4F6B-AE88-AE21C79F6FBB}.Debug|Any CPU.Build.0 = Debug|Any CPU
		{EF0D9EA0-DCDD-4F6B-AE88-AE21C79F6FBB}.Debug|x64.ActiveCfg = Debug|Any CPU
		{EF0D9EA0-DCDD-4F6B-AE88-AE21C79F6FBB}.Debug|x64.Build.0 = Debug|Any CPU
		{EF0D9EA0-DCDD-4F6B-AE88-AE21C79F6FBB}.Debug|x86.ActiveCfg = Debug|Any CPU
		{EF0D9EA0-DCDD-4F6B-AE88-AE21C79F6FBB}.Debug|x86.Build.0 = Debug|Any CPU
		{EF0D9EA0-DCDD-4F6B-AE88-AE21C79F6FBB}.Release|Any CPU.ActiveCfg = Release|Any CPU
		{EF0D9EA0-DCDD-4F6B-AE88-AE21C79F6FBB}.Release|Any CPU.Build.0 = Release|Any CPU
		{EF0D9EA0-DCDD-4F6B-AE88-AE21C79F6FBB}.Release|x64.ActiveCfg = Release|Any CPU
		{EF0D9EA0-DCDD-4F6B-AE88-AE21C79F6FBB}.Release|x64.Build.0 = Release|Any CPU
		{EF0D9EA0-DCDD-4F6B-AE88-AE21C79F6FBB}.Release|x86.ActiveCfg = Release|Any CPU
		{EF0D9EA0-DCDD-4F6B-AE88-AE21C79F6FBB}.Release|x86.Build.0 = Release|Any CPU
		{984B95AA-A443-4142-AA7E-20F94B6CCE33}.Debug|Any CPU.ActiveCfg = Debug|Any CPU
		{984B95AA-A443-4142-AA7E-20F94B6CCE33}.Debug|Any CPU.Build.0 = Debug|Any CPU
		{984B95AA-A443-4142-AA7E-20F94B6CCE33}.Debug|x64.ActiveCfg = Debug|Any CPU
		{984B95AA-A443-4142-AA7E-20F94B6CCE33}.Debug|x64.Build.0 = Debug|Any CPU
		{984B95AA-A443-4142-AA7E-20F94B6CCE33}.Debug|x86.ActiveCfg = Debug|Any CPU
		{984B95AA-A443-4142-AA7E-20F94B6CCE33}.Debug|x86.Build.0 = Debug|Any CPU
		{984B95AA-A443-4142-AA7E-20F94B6CCE33}.Release|Any CPU.ActiveCfg = Release|Any CPU
		{984B95AA-A443-4142-AA7E-20F94B6CCE33}.Release|Any CPU.Build.0 = Release|Any CPU
		{984B95AA-A443-4142-AA7E-20F94B6CCE33}.Release|x64.ActiveCfg = Release|Any CPU
		{984B95AA-A443-4142-AA7E-20F94B6CCE33}.Release|x64.Build.0 = Release|Any CPU
		{984B95AA-A443-4142-AA7E-20F94B6CCE33}.Release|x86.ActiveCfg = Release|Any CPU
		{984B95AA-A443-4142-AA7E-20F94B6CCE33}.Release|x86.Build.0 = Release|Any CPU
		{26D36C38-FD89-4AB3-A21B-800EC4D77680}.Debug|Any CPU.ActiveCfg = Debug|Any CPU
		{26D36C38-FD89-4AB3-A21B-800EC4D77680}.Debug|Any CPU.Build.0 = Debug|Any CPU
		{26D36C38-FD89-4AB3-A21B-800EC4D77680}.Debug|x64.ActiveCfg = Debug|Any CPU
		{26D36C38-FD89-4AB3-A21B-800EC4D77680}.Debug|x64.Build.0 = Debug|Any CPU
		{26D36C38-FD89-4AB3-A21B-800EC4D77680}.Debug|x86.ActiveCfg = Debug|Any CPU
		{26D36C38-FD89-4AB3-A21B-800EC4D77680}.Debug|x86.Build.0 = Debug|Any CPU
		{26D36C38-FD89-4AB3-A21B-800EC4D77680}.Release|Any CPU.ActiveCfg = Release|Any CPU
		{26D36C38-FD89-4AB3-A21B-800EC4D77680}.Release|Any CPU.Build.0 = Release|Any CPU
		{26D36C38-FD89-4AB3-A21B-800EC4D77680}.Release|x64.ActiveCfg = Release|Any CPU
		{26D36C38-FD89-4AB3-A21B-800EC4D77680}.Release|x64.Build.0 = Release|Any CPU
		{26D36C38-FD89-4AB3-A21B-800EC4D77680}.Release|x86.ActiveCfg = Release|Any CPU
		{26D36C38-FD89-4AB3-A21B-800EC4D77680}.Release|x86.Build.0 = Release|Any CPU
		{FC6639A4-5A77-4E8B-A14A-1CA8AF3EC44F}.Debug|Any CPU.ActiveCfg = Debug|Any CPU
		{FC6639A4-5A77-4E8B-A14A-1CA8AF3EC44F}.Debug|Any CPU.Build.0 = Debug|Any CPU
		{FC6639A4-5A77-4E8B-A14A-1CA8AF3EC44F}.Debug|x64.ActiveCfg = Debug|Any CPU
		{FC6639A4-5A77-4E8B-A14A-1CA8AF3EC44F}.Debug|x64.Build.0 = Debug|Any CPU
		{FC6639A4-5A77-4E8B-A14A-1CA8AF3EC44F}.Debug|x86.ActiveCfg = Debug|Any CPU
		{FC6639A4-5A77-4E8B-A14A-1CA8AF3EC44F}.Debug|x86.Build.0 = Debug|Any CPU
		{FC6639A4-5A77-4E8B-A14A-1CA8AF3EC44F}.Release|Any CPU.ActiveCfg = Release|Any CPU
		{FC6639A4-5A77-4E8B-A14A-1CA8AF3EC44F}.Release|Any CPU.Build.0 = Release|Any CPU
		{FC6639A4-5A77-4E8B-A14A-1CA8AF3EC44F}.Release|x64.ActiveCfg = Release|Any CPU
		{FC6639A4-5A77-4E8B-A14A-1CA8AF3EC44F}.Release|x64.Build.0 = Release|Any CPU
		{FC6639A4-5A77-4E8B-A14A-1CA8AF3EC44F}.Release|x86.ActiveCfg = Release|Any CPU
		{FC6639A4-5A77-4E8B-A14A-1CA8AF3EC44F}.Release|x86.Build.0 = Release|Any CPU
		{F34041E2-EEBC-4227-BB5D-6358E0B1CD47}.Debug|Any CPU.ActiveCfg = Debug|Any CPU
		{F34041E2-EEBC-4227-BB5D-6358E0B1CD47}.Debug|Any CPU.Build.0 = Debug|Any CPU
		{F34041E2-EEBC-4227-BB5D-6358E0B1CD47}.Debug|x64.ActiveCfg = Debug|Any CPU
		{F34041E2-EEBC-4227-BB5D-6358E0B1CD47}.Debug|x64.Build.0 = Debug|Any CPU
		{F34041E2-EEBC-4227-BB5D-6358E0B1CD47}.Debug|x86.ActiveCfg = Debug|Any CPU
		{F34041E2-EEBC-4227-BB5D-6358E0B1CD47}.Debug|x86.Build.0 = Debug|Any CPU
		{F34041E2-EEBC-4227-BB5D-6358E0B1CD47}.Release|Any CPU.ActiveCfg = Release|Any CPU
		{F34041E2-EEBC-4227-BB5D-6358E0B1CD47}.Release|Any CPU.Build.0 = Release|Any CPU
		{F34041E2-EEBC-4227-BB5D-6358E0B1CD47}.Release|x64.ActiveCfg = Release|Any CPU
		{F34041E2-EEBC-4227-BB5D-6358E0B1CD47}.Release|x64.Build.0 = Release|Any CPU
		{F34041E2-EEBC-4227-BB5D-6358E0B1CD47}.Release|x86.ActiveCfg = Release|Any CPU
		{F34041E2-EEBC-4227-BB5D-6358E0B1CD47}.Release|x86.Build.0 = Release|Any CPU
		{B5600585-AC57-4BD2-AB23-E0F2747FA4CF}.Debug|Any CPU.ActiveCfg = Debug|Any CPU
		{B5600585-AC57-4BD2-AB23-E0F2747FA4CF}.Debug|Any CPU.Build.0 = Debug|Any CPU
		{B5600585-AC57-4BD2-AB23-E0F2747FA4CF}.Debug|x64.ActiveCfg = Debug|Any CPU
		{B5600585-AC57-4BD2-AB23-E0F2747FA4CF}.Debug|x64.Build.0 = Debug|Any CPU
		{B5600585-AC57-4BD2-AB23-E0F2747FA4CF}.Debug|x86.ActiveCfg = Debug|Any CPU
		{B5600585-AC57-4BD2-AB23-E0F2747FA4CF}.Debug|x86.Build.0 = Debug|Any CPU
		{B5600585-AC57-4BD2-AB23-E0F2747FA4CF}.Release|Any CPU.ActiveCfg = Release|Any CPU
		{B5600585-AC57-4BD2-AB23-E0F2747FA4CF}.Release|Any CPU.Build.0 = Release|Any CPU
		{B5600585-AC57-4BD2-AB23-E0F2747FA4CF}.Release|x64.ActiveCfg = Release|Any CPU
		{B5600585-AC57-4BD2-AB23-E0F2747FA4CF}.Release|x64.Build.0 = Release|Any CPU
		{B5600585-AC57-4BD2-AB23-E0F2747FA4CF}.Release|x86.ActiveCfg = Release|Any CPU
		{B5600585-AC57-4BD2-AB23-E0F2747FA4CF}.Release|x86.Build.0 = Release|Any CPU
		{418CEBEA-519D-49C7-9F17-D321AE417656}.Debug|Any CPU.ActiveCfg = Debug|Any CPU
		{418CEBEA-519D-49C7-9F17-D321AE417656}.Debug|Any CPU.Build.0 = Debug|Any CPU
		{418CEBEA-519D-49C7-9F17-D321AE417656}.Debug|x64.ActiveCfg = Debug|Any CPU
		{418CEBEA-519D-49C7-9F17-D321AE417656}.Debug|x64.Build.0 = Debug|Any CPU
		{418CEBEA-519D-49C7-9F17-D321AE417656}.Debug|x86.ActiveCfg = Debug|Any CPU
		{418CEBEA-519D-49C7-9F17-D321AE417656}.Debug|x86.Build.0 = Debug|Any CPU
		{418CEBEA-519D-49C7-9F17-D321AE417656}.Release|Any CPU.ActiveCfg = Release|Any CPU
		{418CEBEA-519D-49C7-9F17-D321AE417656}.Release|Any CPU.Build.0 = Release|Any CPU
		{418CEBEA-519D-49C7-9F17-D321AE417656}.Release|x64.ActiveCfg = Release|Any CPU
		{418CEBEA-519D-49C7-9F17-D321AE417656}.Release|x64.Build.0 = Release|Any CPU
		{418CEBEA-519D-49C7-9F17-D321AE417656}.Release|x86.ActiveCfg = Release|Any CPU
		{418CEBEA-519D-49C7-9F17-D321AE417656}.Release|x86.Build.0 = Release|Any CPU
		{54235EFB-C133-4FE1-A2EA-E058CC258C5C}.Debug|Any CPU.ActiveCfg = Debug|Any CPU
		{54235EFB-C133-4FE1-A2EA-E058CC258C5C}.Debug|Any CPU.Build.0 = Debug|Any CPU
		{54235EFB-C133-4FE1-A2EA-E058CC258C5C}.Debug|x64.ActiveCfg = Debug|Any CPU
		{54235EFB-C133-4FE1-A2EA-E058CC258C5C}.Debug|x64.Build.0 = Debug|Any CPU
		{54235EFB-C133-4FE1-A2EA-E058CC258C5C}.Debug|x86.ActiveCfg = Debug|Any CPU
		{54235EFB-C133-4FE1-A2EA-E058CC258C5C}.Debug|x86.Build.0 = Debug|Any CPU
		{54235EFB-C133-4FE1-A2EA-E058CC258C5C}.Release|Any CPU.ActiveCfg = Release|Any CPU
		{54235EFB-C133-4FE1-A2EA-E058CC258C5C}.Release|Any CPU.Build.0 = Release|Any CPU
		{54235EFB-C133-4FE1-A2EA-E058CC258C5C}.Release|x64.ActiveCfg = Release|Any CPU
		{54235EFB-C133-4FE1-A2EA-E058CC258C5C}.Release|x64.Build.0 = Release|Any CPU
		{54235EFB-C133-4FE1-A2EA-E058CC258C5C}.Release|x86.ActiveCfg = Release|Any CPU
		{54235EFB-C133-4FE1-A2EA-E058CC258C5C}.Release|x86.Build.0 = Release|Any CPU
		{55588B88-3BD5-412F-93AE-DDDD324BB92F}.Debug|Any CPU.ActiveCfg = Debug|Any CPU
		{55588B88-3BD5-412F-93AE-DDDD324BB92F}.Debug|Any CPU.Build.0 = Debug|Any CPU
		{55588B88-3BD5-412F-93AE-DDDD324BB92F}.Debug|x64.ActiveCfg = Debug|Any CPU
		{55588B88-3BD5-412F-93AE-DDDD324BB92F}.Debug|x64.Build.0 = Debug|Any CPU
		{55588B88-3BD5-412F-93AE-DDDD324BB92F}.Debug|x86.ActiveCfg = Debug|Any CPU
		{55588B88-3BD5-412F-93AE-DDDD324BB92F}.Debug|x86.Build.0 = Debug|Any CPU
		{55588B88-3BD5-412F-93AE-DDDD324BB92F}.Release|Any CPU.ActiveCfg = Release|Any CPU
		{55588B88-3BD5-412F-93AE-DDDD324BB92F}.Release|Any CPU.Build.0 = Release|Any CPU
		{55588B88-3BD5-412F-93AE-DDDD324BB92F}.Release|x64.ActiveCfg = Release|Any CPU
		{55588B88-3BD5-412F-93AE-DDDD324BB92F}.Release|x64.Build.0 = Release|Any CPU
		{55588B88-3BD5-412F-93AE-DDDD324BB92F}.Release|x86.ActiveCfg = Release|Any CPU
		{55588B88-3BD5-412F-93AE-DDDD324BB92F}.Release|x86.Build.0 = Release|Any CPU
		{F260391D-9C58-46CF-9C5E-8514E9216AFA}.Debug|Any CPU.ActiveCfg = Debug|Any CPU
		{F260391D-9C58-46CF-9C5E-8514E9216AFA}.Debug|Any CPU.Build.0 = Debug|Any CPU
		{F260391D-9C58-46CF-9C5E-8514E9216AFA}.Debug|x64.ActiveCfg = Debug|Any CPU
		{F260391D-9C58-46CF-9C5E-8514E9216AFA}.Debug|x64.Build.0 = Debug|Any CPU
		{F260391D-9C58-46CF-9C5E-8514E9216AFA}.Debug|x86.ActiveCfg = Debug|Any CPU
		{F260391D-9C58-46CF-9C5E-8514E9216AFA}.Debug|x86.Build.0 = Debug|Any CPU
		{F260391D-9C58-46CF-9C5E-8514E9216AFA}.Release|Any CPU.ActiveCfg = Release|Any CPU
		{F260391D-9C58-46CF-9C5E-8514E9216AFA}.Release|Any CPU.Build.0 = Release|Any CPU
		{F260391D-9C58-46CF-9C5E-8514E9216AFA}.Release|x64.ActiveCfg = Release|Any CPU
		{F260391D-9C58-46CF-9C5E-8514E9216AFA}.Release|x64.Build.0 = Release|Any CPU
		{F260391D-9C58-46CF-9C5E-8514E9216AFA}.Release|x86.ActiveCfg = Release|Any CPU
		{F260391D-9C58-46CF-9C5E-8514E9216AFA}.Release|x86.Build.0 = Release|Any CPU
		{E4050097-E9B5-4D2D-8DE3-95CEE8F0CB1F}.Debug|Any CPU.ActiveCfg = Debug|Any CPU
		{E4050097-E9B5-4D2D-8DE3-95CEE8F0CB1F}.Debug|Any CPU.Build.0 = Debug|Any CPU
		{E4050097-E9B5-4D2D-8DE3-95CEE8F0CB1F}.Debug|x64.ActiveCfg = Debug|Any CPU
		{E4050097-E9B5-4D2D-8DE3-95CEE8F0CB1F}.Debug|x64.Build.0 = Debug|Any CPU
		{E4050097-E9B5-4D2D-8DE3-95CEE8F0CB1F}.Debug|x86.ActiveCfg = Debug|Any CPU
		{E4050097-E9B5-4D2D-8DE3-95CEE8F0CB1F}.Debug|x86.Build.0 = Debug|Any CPU
		{E4050097-E9B5-4D2D-8DE3-95CEE8F0CB1F}.Release|Any CPU.ActiveCfg = Release|Any CPU
		{E4050097-E9B5-4D2D-8DE3-95CEE8F0CB1F}.Release|Any CPU.Build.0 = Release|Any CPU
		{E4050097-E9B5-4D2D-8DE3-95CEE8F0CB1F}.Release|x64.ActiveCfg = Release|Any CPU
		{E4050097-E9B5-4D2D-8DE3-95CEE8F0CB1F}.Release|x64.Build.0 = Release|Any CPU
		{E4050097-E9B5-4D2D-8DE3-95CEE8F0CB1F}.Release|x86.ActiveCfg = Release|Any CPU
		{E4050097-E9B5-4D2D-8DE3-95CEE8F0CB1F}.Release|x86.Build.0 = Release|Any CPU
		{2EC1A0BB-B0B2-473A-A79B-9416D205F0F5}.Debug|Any CPU.ActiveCfg = Debug|Any CPU
		{2EC1A0BB-B0B2-473A-A79B-9416D205F0F5}.Debug|Any CPU.Build.0 = Debug|Any CPU
		{2EC1A0BB-B0B2-473A-A79B-9416D205F0F5}.Debug|x64.ActiveCfg = Debug|Any CPU
		{2EC1A0BB-B0B2-473A-A79B-9416D205F0F5}.Debug|x64.Build.0 = Debug|Any CPU
		{2EC1A0BB-B0B2-473A-A79B-9416D205F0F5}.Debug|x86.ActiveCfg = Debug|Any CPU
		{2EC1A0BB-B0B2-473A-A79B-9416D205F0F5}.Debug|x86.Build.0 = Debug|Any CPU
		{2EC1A0BB-B0B2-473A-A79B-9416D205F0F5}.Release|Any CPU.ActiveCfg = Release|Any CPU
		{2EC1A0BB-B0B2-473A-A79B-9416D205F0F5}.Release|Any CPU.Build.0 = Release|Any CPU
		{2EC1A0BB-B0B2-473A-A79B-9416D205F0F5}.Release|x64.ActiveCfg = Release|Any CPU
		{2EC1A0BB-B0B2-473A-A79B-9416D205F0F5}.Release|x64.Build.0 = Release|Any CPU
		{2EC1A0BB-B0B2-473A-A79B-9416D205F0F5}.Release|x86.ActiveCfg = Release|Any CPU
		{2EC1A0BB-B0B2-473A-A79B-9416D205F0F5}.Release|x86.Build.0 = Release|Any CPU
		{E56A2859-AF86-4D81-8041-7ACF9FA2DD81}.Debug|Any CPU.ActiveCfg = Debug|Any CPU
		{E56A2859-AF86-4D81-8041-7ACF9FA2DD81}.Debug|Any CPU.Build.0 = Debug|Any CPU
		{E56A2859-AF86-4D81-8041-7ACF9FA2DD81}.Debug|x64.ActiveCfg = Debug|Any CPU
		{E56A2859-AF86-4D81-8041-7ACF9FA2DD81}.Debug|x64.Build.0 = Debug|Any CPU
		{E56A2859-AF86-4D81-8041-7ACF9FA2DD81}.Debug|x86.ActiveCfg = Debug|Any CPU
		{E56A2859-AF86-4D81-8041-7ACF9FA2DD81}.Debug|x86.Build.0 = Debug|Any CPU
		{E56A2859-AF86-4D81-8041-7ACF9FA2DD81}.Release|Any CPU.ActiveCfg = Release|Any CPU
		{E56A2859-AF86-4D81-8041-7ACF9FA2DD81}.Release|Any CPU.Build.0 = Release|Any CPU
		{E56A2859-AF86-4D81-8041-7ACF9FA2DD81}.Release|x64.ActiveCfg = Release|Any CPU
		{E56A2859-AF86-4D81-8041-7ACF9FA2DD81}.Release|x64.Build.0 = Release|Any CPU
		{E56A2859-AF86-4D81-8041-7ACF9FA2DD81}.Release|x86.ActiveCfg = Release|Any CPU
		{E56A2859-AF86-4D81-8041-7ACF9FA2DD81}.Release|x86.Build.0 = Release|Any CPU
		{0232EEDA-06D3-4AD6-BC00-524B24E0B798}.Debug|Any CPU.ActiveCfg = Debug|Any CPU
		{0232EEDA-06D3-4AD6-BC00-524B24E0B798}.Debug|Any CPU.Build.0 = Debug|Any CPU
		{0232EEDA-06D3-4AD6-BC00-524B24E0B798}.Debug|x64.ActiveCfg = Debug|Any CPU
		{0232EEDA-06D3-4AD6-BC00-524B24E0B798}.Debug|x64.Build.0 = Debug|Any CPU
		{0232EEDA-06D3-4AD6-BC00-524B24E0B798}.Debug|x86.ActiveCfg = Debug|Any CPU
		{0232EEDA-06D3-4AD6-BC00-524B24E0B798}.Debug|x86.Build.0 = Debug|Any CPU
		{0232EEDA-06D3-4AD6-BC00-524B24E0B798}.Release|Any CPU.ActiveCfg = Release|Any CPU
		{0232EEDA-06D3-4AD6-BC00-524B24E0B798}.Release|Any CPU.Build.0 = Release|Any CPU
		{0232EEDA-06D3-4AD6-BC00-524B24E0B798}.Release|x64.ActiveCfg = Release|Any CPU
		{0232EEDA-06D3-4AD6-BC00-524B24E0B798}.Release|x64.Build.0 = Release|Any CPU
		{0232EEDA-06D3-4AD6-BC00-524B24E0B798}.Release|x86.ActiveCfg = Release|Any CPU
		{0232EEDA-06D3-4AD6-BC00-524B24E0B798}.Release|x86.Build.0 = Release|Any CPU
		{CAB1FEC7-BE75-43E9-901E-B30FF7669443}.Debug|Any CPU.ActiveCfg = Debug|Any CPU
		{CAB1FEC7-BE75-43E9-901E-B30FF7669443}.Debug|Any CPU.Build.0 = Debug|Any CPU
		{CAB1FEC7-BE75-43E9-901E-B30FF7669443}.Debug|x64.ActiveCfg = Debug|Any CPU
		{CAB1FEC7-BE75-43E9-901E-B30FF7669443}.Debug|x64.Build.0 = Debug|Any CPU
		{CAB1FEC7-BE75-43E9-901E-B30FF7669443}.Debug|x86.ActiveCfg = Debug|Any CPU
		{CAB1FEC7-BE75-43E9-901E-B30FF7669443}.Debug|x86.Build.0 = Debug|Any CPU
		{CAB1FEC7-BE75-43E9-901E-B30FF7669443}.Release|Any CPU.ActiveCfg = Release|Any CPU
		{CAB1FEC7-BE75-43E9-901E-B30FF7669443}.Release|Any CPU.Build.0 = Release|Any CPU
		{CAB1FEC7-BE75-43E9-901E-B30FF7669443}.Release|x64.ActiveCfg = Release|Any CPU
		{CAB1FEC7-BE75-43E9-901E-B30FF7669443}.Release|x64.Build.0 = Release|Any CPU
		{CAB1FEC7-BE75-43E9-901E-B30FF7669443}.Release|x86.ActiveCfg = Release|Any CPU
		{CAB1FEC7-BE75-43E9-901E-B30FF7669443}.Release|x86.Build.0 = Release|Any CPU
		{A99C8C4B-A281-42CE-9A20-53D23297F49C}.Debug|Any CPU.ActiveCfg = Debug|Any CPU
		{A99C8C4B-A281-42CE-9A20-53D23297F49C}.Debug|Any CPU.Build.0 = Debug|Any CPU
		{A99C8C4B-A281-42CE-9A20-53D23297F49C}.Debug|x64.ActiveCfg = Debug|Any CPU
		{A99C8C4B-A281-42CE-9A20-53D23297F49C}.Debug|x64.Build.0 = Debug|Any CPU
		{A99C8C4B-A281-42CE-9A20-53D23297F49C}.Debug|x86.ActiveCfg = Debug|Any CPU
		{A99C8C4B-A281-42CE-9A20-53D23297F49C}.Debug|x86.Build.0 = Debug|Any CPU
		{A99C8C4B-A281-42CE-9A20-53D23297F49C}.Release|Any CPU.ActiveCfg = Release|Any CPU
		{A99C8C4B-A281-42CE-9A20-53D23297F49C}.Release|Any CPU.Build.0 = Release|Any CPU
		{A99C8C4B-A281-42CE-9A20-53D23297F49C}.Release|x64.ActiveCfg = Release|Any CPU
		{A99C8C4B-A281-42CE-9A20-53D23297F49C}.Release|x64.Build.0 = Release|Any CPU
		{A99C8C4B-A281-42CE-9A20-53D23297F49C}.Release|x86.ActiveCfg = Release|Any CPU
		{A99C8C4B-A281-42CE-9A20-53D23297F49C}.Release|x86.Build.0 = Release|Any CPU
		{DFC1DDD1-C8F6-4189-B542-BC844FF2F4B5}.Debug|Any CPU.ActiveCfg = Debug|Any CPU
		{DFC1DDD1-C8F6-4189-B542-BC844FF2F4B5}.Debug|Any CPU.Build.0 = Debug|Any CPU
		{DFC1DDD1-C8F6-4189-B542-BC844FF2F4B5}.Debug|x64.ActiveCfg = Debug|Any CPU
		{DFC1DDD1-C8F6-4189-B542-BC844FF2F4B5}.Debug|x64.Build.0 = Debug|Any CPU
		{DFC1DDD1-C8F6-4189-B542-BC844FF2F4B5}.Debug|x86.ActiveCfg = Debug|Any CPU
		{DFC1DDD1-C8F6-4189-B542-BC844FF2F4B5}.Debug|x86.Build.0 = Debug|Any CPU
		{DFC1DDD1-C8F6-4189-B542-BC844FF2F4B5}.Release|Any CPU.ActiveCfg = Release|Any CPU
		{DFC1DDD1-C8F6-4189-B542-BC844FF2F4B5}.Release|Any CPU.Build.0 = Release|Any CPU
		{DFC1DDD1-C8F6-4189-B542-BC844FF2F4B5}.Release|x64.ActiveCfg = Release|Any CPU
		{DFC1DDD1-C8F6-4189-B542-BC844FF2F4B5}.Release|x64.Build.0 = Release|Any CPU
		{DFC1DDD1-C8F6-4189-B542-BC844FF2F4B5}.Release|x86.ActiveCfg = Release|Any CPU
		{DFC1DDD1-C8F6-4189-B542-BC844FF2F4B5}.Release|x86.Build.0 = Release|Any CPU
	EndGlobalSection
	GlobalSection(SolutionProperties) = preSolution
		HideSolutionNode = FALSE
	EndGlobalSection
	GlobalSection(NestedProjects) = preSolution
		{2A2520E5-5D17-4502-949C-4AE4AA428C63} = {FFD742A5-4999-066A-D07A-91215FB30D1F}
		{945018D8-39AC-474A-B957-7D6B5B964CAA} = {FFD742A5-4999-066A-D07A-91215FB30D1F}
		{EF0D9EA0-DCDD-4F6B-AE88-AE21C79F6FBB} = {FFD742A5-4999-066A-D07A-91215FB30D1F}
		{984B95AA-A443-4142-AA7E-20F94B6CCE33} = {DA94BA3C-E1D6-47BF-10DF-7A257084C526}
		{26D36C38-FD89-4AB3-A21B-800EC4D77680} = {DA94BA3C-E1D6-47BF-10DF-7A257084C526}
		{FC6639A4-5A77-4E8B-A14A-1CA8AF3EC44F} = {DA94BA3C-E1D6-47BF-10DF-7A257084C526}
		{F34041E2-EEBC-4227-BB5D-6358E0B1CD47} = {7A3FED7B-79ED-AD53-07B1-F891D77563FE}
		{B5600585-AC57-4BD2-AB23-E0F2747FA4CF} = {AE4AA729-BE74-3EA4-729D-A0DEE1493EF2}
		{418CEBEA-519D-49C7-9F17-D321AE417656} = {AE4AA729-BE74-3EA4-729D-A0DEE1493EF2}
		{54235EFB-C133-4FE1-A2EA-E058CC258C5C} = {AE4AA729-BE74-3EA4-729D-A0DEE1493EF2}
		{55588B88-3BD5-412F-93AE-DDDD324BB92F} = {A60022A0-9031-001D-73E3-4B911D34271D}
		{F260391D-9C58-46CF-9C5E-8514E9216AFA} = {A60022A0-9031-001D-73E3-4B911D34271D}
		{E4050097-E9B5-4D2D-8DE3-95CEE8F0CB1F} = {A60022A0-9031-001D-73E3-4B911D34271D}
		{2EC1A0BB-B0B2-473A-A79B-9416D205F0F5} = {121FCCD5-A622-28EF-E3AD-6628D85804FE}
		{E56A2859-AF86-4D81-8041-7ACF9FA2DD81} = {121FCCD5-A622-28EF-E3AD-6628D85804FE}
		{0232EEDA-06D3-4AD6-BC00-524B24E0B798} = {121FCCD5-A622-28EF-E3AD-6628D85804FE}
		{CAB1FEC7-BE75-43E9-901E-B30FF7669443} = {7A3FED7B-79ED-AD53-07B1-F891D77563FE}
		{A99C8C4B-A281-42CE-9A20-53D23297F49C} = {7A3FED7B-79ED-AD53-07B1-F891D77563FE}
		{DFC1DDD1-C8F6-4189-B542-BC844FF2F4B5} = {4F52FD11-658E-A102-6CD3-7D7C16FFA15B}
	EndGlobalSection
EndGlobal
